
Microsoft Visual Studio Solution File, Format Version 12.00
# Visual Studio 14
VisualStudioVersion = 14.0.25420.1
MinimumVisualStudioVersion = 10.0.40219.1
Project("{F184B08F-C81C-45F6-A57F-5ABD9991F28F}") = "myLib", "myLib\myLib.vbproj", "{8BA60E27-F9C8-4BB8-B585-F8E2EF951C4B}"
EndProject
Project("{F184B08F-C81C-45F6-A57F-5ABD9991F28F}") = "wcHost", "wcHost\wcHost.vbproj", "{E2375D65-758F-4F49-A620-1FBE29280D46}"
EndProject
Project("{F184B08F-C81C-45F6-A57F-5ABD9991F28F}") = "Thrombose 2K17 Client", "Thrombose 2K17 Client\Thrombose 2K17 Client.vbproj", "{34A15BCB-05FF-4917-8264-A09BE7CE94A3}"
EndProject
Global
	GlobalSection(SolutionConfigurationPlatforms) = preSolution
		Debug|Any CPU = Debug|Any CPU
		Release|Any CPU = Release|Any CPU
	EndGlobalSection
	GlobalSection(ProjectConfigurationPlatforms) = postSolution
		{8BA60E27-F9C8-4BB8-B585-F8E2EF951C4B}.Debug|Any CPU.ActiveCfg = Debug|Any CPU
		{8BA60E27-F9C8-4BB8-B585-F8E2EF951C4B}.Debug|Any CPU.Build.0 = Debug|Any CPU
		{8BA60E27-F9C8-4BB8-B585-F8E2EF951C4B}.Release|Any CPU.ActiveCfg = Release|Any CPU
		{8BA60E27-F9C8-4BB8-B585-F8E2EF951C4B}.Release|Any CPU.Build.0 = Release|Any CPU
		{E2375D65-758F-4F49-A620-1FBE29280D46}.Debug|Any CPU.ActiveCfg = Debug|Any CPU
		{E2375D65-758F-4F49-A620-1FBE29280D46}.Debug|Any CPU.Build.0 = Debug|Any CPU
		{E2375D65-758F-4F49-A620-1FBE29280D46}.Release|Any CPU.ActiveCfg = Release|Any CPU
		{E2375D65-758F-4F49-A620-1FBE29280D46}.Release|Any CPU.Build.0 = Release|Any CPU
		{34A15BCB-05FF-4917-8264-A09BE7CE94A3}.Debug|Any CPU.ActiveCfg = Debug|Any CPU
		{34A15BCB-05FF-4917-8264-A09BE7CE94A3}.Debug|Any CPU.Build.0 = Debug|Any CPU
		{34A15BCB-05FF-4917-8264-A09BE7CE94A3}.Release|Any CPU.ActiveCfg = Release|Any CPU
		{34A15BCB-05FF-4917-8264-A09BE7CE94A3}.Release|Any CPU.Build.0 = Release|Any CPU
	EndGlobalSection
	GlobalSection(SolutionProperties) = preSolution
		HideSolutionNode = FALSE
	EndGlobalSection
EndGlobal
